// !$*UTF8*$!
{
	archiveVersion = 1;
	classes = {
	};
	objectVersion = 46;
	objects = {

/* Begin PBXBuildFile section */
		B22B836C1E6FE3B2009BD24C /* RootViewController.swift in Sources */ = {isa = PBXBuildFile; fileRef = B22B836B1E6FE3B2009BD24C /* RootViewController.swift */; };
		B22B836F1E6FE3F1009BD24C /* RootViewCell.swift in Sources */ = {isa = PBXBuildFile; fileRef = B22B836D1E6FE3F1009BD24C /* RootViewCell.swift */; };
		B22B83701E6FE3F1009BD24C /* RootViewCell.xib in Resources */ = {isa = PBXBuildFile; fileRef = B22B836E1E6FE3F1009BD24C /* RootViewCell.xib */; };
		B25570741F39A44000C35A34 /* QSNetwork.framework in Frameworks */ = {isa = PBXBuildFile; fileRef = B25570711F39A3D700C35A34 /* QSNetwork.framework */; };
		B25570751F39A44000C35A34 /* QSNetwork.framework in Embed Frameworks */ = {isa = PBXBuildFile; fileRef = B25570711F39A3D700C35A34 /* QSNetwork.framework */; settings = {ATTRIBUTES = (CodeSignOnCopy, RemoveHeadersOnCopy, ); }; };
		B28822D51E110B0500144E44 /* AppDelegate.swift in Sources */ = {isa = PBXBuildFile; fileRef = B28822D41E110B0500144E44 /* AppDelegate.swift */; };
		B28822D71E110B0500144E44 /* ViewController.swift in Sources */ = {isa = PBXBuildFile; fileRef = B28822D61E110B0500144E44 /* ViewController.swift */; };
		B28822DA1E110B0500144E44 /* Main.storyboard in Resources */ = {isa = PBXBuildFile; fileRef = B28822D81E110B0500144E44 /* Main.storyboard */; };
		B28822DC1E110B0500144E44 /* Assets.xcassets in Resources */ = {isa = PBXBuildFile; fileRef = B28822DB1E110B0500144E44 /* Assets.xcassets */; };
		B28822DF1E110B0500144E44 /* LaunchScreen.storyboard in Resources */ = {isa = PBXBuildFile; fileRef = B28822DD1E110B0500144E44 /* LaunchScreen.storyboard */; };
		B28822EA1E110B0500144E44 /* iOS_ExampleTests.swift in Sources */ = {isa = PBXBuildFile; fileRef = B28822E91E110B0500144E44 /* iOS_ExampleTests.swift */; };
		B28822F51E110B0500144E44 /* iOS_ExampleUITests.swift in Sources */ = {isa = PBXBuildFile; fileRef = B28822F41E110B0500144E44 /* iOS_ExampleUITests.swift */; };
/* End PBXBuildFile section */

/* Begin PBXContainerItemProxy section */
		B25570701F39A3D700C35A34 /* PBXContainerItemProxy */ = {
			isa = PBXContainerItemProxy;
			containerPortal = B255706B1F39A3D700C35A34 /* QSNetwork.xcodeproj */;
			proxyType = 2;
			remoteGlobalIDString = B28822A41E11092400144E44;
			remoteInfo = QSNetwork;
		};
		B25570721F39A3D700C35A34 /* PBXContainerItemProxy */ = {
			isa = PBXContainerItemProxy;
			containerPortal = B255706B1F39A3D700C35A34 /* QSNetwork.xcodeproj */;
			proxyType = 2;
			remoteGlobalIDString = B2A074F61E12148300183B1A;
			remoteInfo = Tests;
		};
		B25570761F39A44000C35A34 /* PBXContainerItemProxy */ = {
			isa = PBXContainerItemProxy;
			containerPortal = B255706B1F39A3D700C35A34 /* QSNetwork.xcodeproj */;
			proxyType = 1;
			remoteGlobalIDString = B28822A31E11092400144E44;
			remoteInfo = QSNetwork;
		};
		B28822E61E110B0500144E44 /* PBXContainerItemProxy */ = {
			isa = PBXContainerItemProxy;
			containerPortal = B28822C91E110B0500144E44 /* Project object */;
			proxyType = 1;
			remoteGlobalIDString = B28822D01E110B0500144E44;
			remoteInfo = "iOS Example";
		};
		B28822F11E110B0500144E44 /* PBXContainerItemProxy */ = {
			isa = PBXContainerItemProxy;
			containerPortal = B28822C91E110B0500144E44 /* Project object */;
			proxyType = 1;
			remoteGlobalIDString = B28822D01E110B0500144E44;
			remoteInfo = "iOS Example";
		};
/* End PBXContainerItemProxy section */

/* Begin PBXCopyFilesBuildPhase section */
		B25570781F39A44000C35A34 /* Embed Frameworks */ = {
			isa = PBXCopyFilesBuildPhase;
			buildActionMask = 2147483647;
			dstPath = "";
			dstSubfolderSpec = 10;
			files = (
				B25570751F39A44000C35A34 /* QSNetwork.framework in Embed Frameworks */,
			);
			name = "Embed Frameworks";
			runOnlyForDeploymentPostprocessing = 0;
		};
/* End PBXCopyFilesBuildPhase section */

/* Begin PBXFileReference section */
		B22B836B1E6FE3B2009BD24C /* RootViewController.swift */ = {isa = PBXFileReference; fileEncoding = 4; lastKnownFileType = sourcecode.swift; path = RootViewController.swift; sourceTree = "<group>"; };
		B22B836D1E6FE3F1009BD24C /* RootViewCell.swift */ = {isa = PBXFileReference; fileEncoding = 4; lastKnownFileType = sourcecode.swift; path = RootViewCell.swift; sourceTree = "<group>"; };
		B22B836E1E6FE3F1009BD24C /* RootViewCell.xib */ = {isa = PBXFileReference; fileEncoding = 4; lastKnownFileType = file.xib; path = RootViewCell.xib; sourceTree = "<group>"; };
		B238C6911E15F9C300799592 /* iOS Example-Bridging-Header.h */ = {isa = PBXFileReference; lastKnownFileType = sourcecode.c.h; path = "iOS Example-Bridging-Header.h"; sourceTree = "<group>"; };
		B255706B1F39A3D700C35A34 /* QSNetwork.xcodeproj */ = {isa = PBXFileReference; lastKnownFileType = "wrapper.pb-project"; name = QSNetwork.xcodeproj; path = ../QSNetwork.xcodeproj; sourceTree = "<group>"; };
		B28822D11E110B0500144E44 /* iOS Example.app */ = {isa = PBXFileReference; explicitFileType = wrapper.application; includeInIndex = 0; path = "iOS Example.app"; sourceTree = BUILT_PRODUCTS_DIR; };
		B28822D41E110B0500144E44 /* AppDelegate.swift */ = {isa = PBXFileReference; lastKnownFileType = sourcecode.swift; path = AppDelegate.swift; sourceTree = "<group>"; };
		B28822D61E110B0500144E44 /* ViewController.swift */ = {isa = PBXFileReference; lastKnownFileType = sourcecode.swift; path = ViewController.swift; sourceTree = "<group>"; };
		B28822D91E110B0500144E44 /* Base */ = {isa = PBXFileReference; lastKnownFileType = file.storyboard; name = Base; path = Base.lproj/Main.storyboard; sourceTree = "<group>"; };
		B28822DB1E110B0500144E44 /* Assets.xcassets */ = {isa = PBXFileReference; lastKnownFileType = folder.assetcatalog; path = Assets.xcassets; sourceTree = "<group>"; };
		B28822DE1E110B0500144E44 /* Base */ = {isa = PBXFileReference; lastKnownFileType = file.storyboard; name = Base; path = Base.lproj/LaunchScreen.storyboard; sourceTree = "<group>"; };
		B28822E01E110B0500144E44 /* Info.plist */ = {isa = PBXFileReference; lastKnownFileType = text.plist.xml; path = Info.plist; sourceTree = "<group>"; };
		B28822E51E110B0500144E44 /* iOS ExampleTests.xctest */ = {isa = PBXFileReference; explicitFileType = wrapper.cfbundle; includeInIndex = 0; path = "iOS ExampleTests.xctest"; sourceTree = BUILT_PRODUCTS_DIR; };
		B28822E91E110B0500144E44 /* iOS_ExampleTests.swift */ = {isa = PBXFileReference; lastKnownFileType = sourcecode.swift; path = iOS_ExampleTests.swift; sourceTree = "<group>"; };
		B28822EB1E110B0500144E44 /* Info.plist */ = {isa = PBXFileReference; lastKnownFileType = text.plist.xml; path = Info.plist; sourceTree = "<group>"; };
		B28822F01E110B0500144E44 /* iOS ExampleUITests.xctest */ = {isa = PBXFileReference; explicitFileType = wrapper.cfbundle; includeInIndex = 0; path = "iOS ExampleUITests.xctest"; sourceTree = BUILT_PRODUCTS_DIR; };
		B28822F41E110B0500144E44 /* iOS_ExampleUITests.swift */ = {isa = PBXFileReference; lastKnownFileType = sourcecode.swift; path = iOS_ExampleUITests.swift; sourceTree = "<group>"; };
		B28822F61E110B0500144E44 /* Info.plist */ = {isa = PBXFileReference; lastKnownFileType = text.plist.xml; path = Info.plist; sourceTree = "<group>"; };
/* End PBXFileReference section */

/* Begin PBXFrameworksBuildPhase section */
		B28822CE1E110B0500144E44 /* Frameworks */ = {
			isa = PBXFrameworksBuildPhase;
			buildActionMask = 2147483647;
			files = (
				B25570741F39A44000C35A34 /* QSNetwork.framework in Frameworks */,
			);
			runOnlyForDeploymentPostprocessing = 0;
		};
		B28822E21E110B0500144E44 /* Frameworks */ = {
			isa = PBXFrameworksBuildPhase;
			buildActionMask = 2147483647;
			files = (
			);
			runOnlyForDeploymentPostprocessing = 0;
		};
		B28822ED1E110B0500144E44 /* Frameworks */ = {
			isa = PBXFrameworksBuildPhase;
			buildActionMask = 2147483647;
			files = (
			);
			runOnlyForDeploymentPostprocessing = 0;
		};
/* End PBXFrameworksBuildPhase section */

/* Begin PBXGroup section */
		B255706C1F39A3D700C35A34 /* Products */ = {
			isa = PBXGroup;
			children = (
				B25570711F39A3D700C35A34 /* QSNetwork.framework */,
				B25570731F39A3D700C35A34 /* Tests.xctest */,
			);
			name = Products;
			sourceTree = "<group>";
		};
		B28822C81E110B0500144E44 = {
			isa = PBXGroup;
			children = (
				B255706B1F39A3D700C35A34 /* QSNetwork.xcodeproj */,
				B28822D31E110B0500144E44 /* iOS Example */,
				B28822E81E110B0500144E44 /* iOS ExampleTests */,
				B28822F31E110B0500144E44 /* iOS ExampleUITests */,
				B28822D21E110B0500144E44 /* Products */,
			);
			sourceTree = "<group>";
		};
		B28822D21E110B0500144E44 /* Products */ = {
			isa = PBXGroup;
			children = (
				B28822D11E110B0500144E44 /* iOS Example.app */,
				B28822E51E110B0500144E44 /* iOS ExampleTests.xctest */,
				B28822F01E110B0500144E44 /* iOS ExampleUITests.xctest */,
			);
			name = Products;
			sourceTree = "<group>";
		};
		B28822D31E110B0500144E44 /* iOS Example */ = {
			isa = PBXGroup;
			children = (
				B28822D41E110B0500144E44 /* AppDelegate.swift */,
				B28822D61E110B0500144E44 /* ViewController.swift */,
				B22B836B1E6FE3B2009BD24C /* RootViewController.swift */,
				B22B836D1E6FE3F1009BD24C /* RootViewCell.swift */,
				B22B836E1E6FE3F1009BD24C /* RootViewCell.xib */,
				B28822D81E110B0500144E44 /* Main.storyboard */,
				B28822DB1E110B0500144E44 /* Assets.xcassets */,
				B28822DD1E110B0500144E44 /* LaunchScreen.storyboard */,
				B28822E01E110B0500144E44 /* Info.plist */,
				B238C6911E15F9C300799592 /* iOS Example-Bridging-Header.h */,
			);
			path = "iOS Example";
			sourceTree = "<group>";
		};
		B28822E81E110B0500144E44 /* iOS ExampleTests */ = {
			isa = PBXGroup;
			children = (
				B28822E91E110B0500144E44 /* iOS_ExampleTests.swift */,
				B28822EB1E110B0500144E44 /* Info.plist */,
			);
			path = "iOS ExampleTests";
			sourceTree = "<group>";
		};
		B28822F31E110B0500144E44 /* iOS ExampleUITests */ = {
			isa = PBXGroup;
			children = (
				B28822F41E110B0500144E44 /* iOS_ExampleUITests.swift */,
				B28822F61E110B0500144E44 /* Info.plist */,
			);
			path = "iOS ExampleUITests";
			sourceTree = "<group>";
		};
/* End PBXGroup section */

/* Begin PBXNativeTarget section */
		B28822D01E110B0500144E44 /* iOS Example */ = {
			isa = PBXNativeTarget;
			buildConfigurationList = B28822F91E110B0500144E44 /* Build configuration list for PBXNativeTarget "iOS Example" */;
			buildPhases = (
				B28822CD1E110B0500144E44 /* Sources */,
				B28822CE1E110B0500144E44 /* Frameworks */,
				B28822CF1E110B0500144E44 /* Resources */,
				B25570781F39A44000C35A34 /* Embed Frameworks */,
			);
			buildRules = (
			);
			dependencies = (
				B25570771F39A44000C35A34 /* PBXTargetDependency */,
			);
			name = "iOS Example";
			productName = "iOS Example";
			productReference = B28822D11E110B0500144E44 /* iOS Example.app */;
			productType = "com.apple.product-type.application";
		};
		B28822E41E110B0500144E44 /* iOS ExampleTests */ = {
			isa = PBXNativeTarget;
			buildConfigurationList = B28822FC1E110B0500144E44 /* Build configuration list for PBXNativeTarget "iOS ExampleTests" */;
			buildPhases = (
				B28822E11E110B0500144E44 /* Sources */,
				B28822E21E110B0500144E44 /* Frameworks */,
				B28822E31E110B0500144E44 /* Resources */,
			);
			buildRules = (
			);
			dependencies = (
				B28822E71E110B0500144E44 /* PBXTargetDependency */,
			);
			name = "iOS ExampleTests";
			productName = "iOS ExampleTests";
			productReference = B28822E51E110B0500144E44 /* iOS ExampleTests.xctest */;
			productType = "com.apple.product-type.bundle.unit-test";
		};
		B28822EF1E110B0500144E44 /* iOS ExampleUITests */ = {
			isa = PBXNativeTarget;
			buildConfigurationList = B28822FF1E110B0500144E44 /* Build configuration list for PBXNativeTarget "iOS ExampleUITests" */;
			buildPhases = (
				B28822EC1E110B0500144E44 /* Sources */,
				B28822ED1E110B0500144E44 /* Frameworks */,
				B28822EE1E110B0500144E44 /* Resources */,
			);
			buildRules = (
			);
			dependencies = (
				B28822F21E110B0500144E44 /* PBXTargetDependency */,
			);
			name = "iOS ExampleUITests";
			productName = "iOS ExampleUITests";
			productReference = B28822F01E110B0500144E44 /* iOS ExampleUITests.xctest */;
			productType = "com.apple.product-type.bundle.ui-testing";
		};
/* End PBXNativeTarget section */

/* Begin PBXProject section */
		B28822C91E110B0500144E44 /* Project object */ = {
			isa = PBXProject;
			attributes = {
				LastSwiftUpdateCheck = 0810;
				LastUpgradeCheck = 0810;
				ORGANIZATIONNAME = masterY;
				TargetAttributes = {
					B28822D01E110B0500144E44 = {
						CreatedOnToolsVersion = 8.1;
						LastSwiftMigration = 0810;
						ProvisioningStyle = Automatic;
					};
					B28822E41E110B0500144E44 = {
						CreatedOnToolsVersion = 8.1;
						ProvisioningStyle = Automatic;
						TestTargetID = B28822D01E110B0500144E44;
					};
					B28822EF1E110B0500144E44 = {
						CreatedOnToolsVersion = 8.1;
						ProvisioningStyle = Automatic;
						TestTargetID = B28822D01E110B0500144E44;
					};
				};
			};
			buildConfigurationList = B28822CC1E110B0500144E44 /* Build configuration list for PBXProject "iOS Example" */;
			compatibilityVersion = "Xcode 3.2";
			developmentRegion = English;
			hasScannedForEncodings = 0;
			knownRegions = (
				English,
				en,
				Base,
			);
			mainGroup = B28822C81E110B0500144E44;
			productRefGroup = B28822D21E110B0500144E44 /* Products */;
			projectDirPath = "";
			projectReferences = (
				{
					ProductGroup = B255706C1F39A3D700C35A34 /* Products */;
					ProjectRef = B255706B1F39A3D700C35A34 /* QSNetwork.xcodeproj */;
				},
			);
			projectRoot = "";
			targets = (
				B28822D01E110B0500144E44 /* iOS Example */,
				B28822E41E110B0500144E44 /* iOS ExampleTests */,
				B28822EF1E110B0500144E44 /* iOS ExampleUITests */,
			);
		};
/* End PBXProject section */

/* Begin PBXReferenceProxy section */
		B25570711F39A3D700C35A34 /* QSNetwork.framework */ = {
			isa = PBXReferenceProxy;
			fileType = wrapper.framework;
			path = QSNetwork.framework;
			remoteRef = B25570701F39A3D700C35A34 /* PBXContainerItemProxy */;
			sourceTree = BUILT_PRODUCTS_DIR;
		};
		B25570731F39A3D700C35A34 /* Tests.xctest */ = {
			isa = PBXReferenceProxy;
			fileType = wrapper.cfbundle;
			path = Tests.xctest;
			remoteRef = B25570721F39A3D700C35A34 /* PBXContainerItemProxy */;
			sourceTree = BUILT_PRODUCTS_DIR;
		};
/* End PBXReferenceProxy section */

/* Begin PBXResourcesBuildPhase section */
		B28822CF1E110B0500144E44 /* Resources */ = {
			isa = PBXResourcesBuildPhase;
			buildActionMask = 2147483647;
			files = (
				B22B83701E6FE3F1009BD24C /* RootViewCell.xib in Resources */,
				B28822DF1E110B0500144E44 /* LaunchScreen.storyboard in Resources */,
				B28822DC1E110B0500144E44 /* Assets.xcassets in Resources */,
				B28822DA1E110B0500144E44 /* Main.storyboard in Resources */,
			);
			runOnlyForDeploymentPostprocessing = 0;
		};
		B28822E31E110B0500144E44 /* Resources */ = {
			isa = PBXResourcesBuildPhase;
			buildActionMask = 2147483647;
			files = (
			);
			runOnlyForDeploymentPostprocessing = 0;
		};
		B28822EE1E110B0500144E44 /* Resources */ = {
			isa = PBXResourcesBuildPhase;
			buildActionMask = 2147483647;
			files = (
			);
			runOnlyForDeploymentPostprocessing = 0;
		};
/* End PBXResourcesBuildPhase section */

/* Begin PBXSourcesBuildPhase section */
		B28822CD1E110B0500144E44 /* Sources */ = {
			isa = PBXSourcesBuildPhase;
			buildActionMask = 2147483647;
			files = (
				B28822D71E110B0500144E44 /* ViewController.swift in Sources */,
				B22B836C1E6FE3B2009BD24C /* RootViewController.swift in Sources */,
				B28822D51E110B0500144E44 /* AppDelegate.swift in Sources */,
				B22B836F1E6FE3F1009BD24C /* RootViewCell.swift in Sources */,
			);
			runOnlyForDeploymentPostprocessing = 0;
		};
		B28822E11E110B0500144E44 /* Sources */ = {
			isa = PBXSourcesBuildPhase;
			buildActionMask = 2147483647;
			files = (
				B28822EA1E110B0500144E44 /* iOS_ExampleTests.swift in Sources */,
			);
			runOnlyForDeploymentPostprocessing = 0;
		};
		B28822EC1E110B0500144E44 /* Sources */ = {
			isa = PBXSourcesBuildPhase;
			buildActionMask = 2147483647;
			files = (
				B28822F51E110B0500144E44 /* iOS_ExampleUITests.swift in Sources */,
			);
			runOnlyForDeploymentPostprocessing = 0;
		};
/* End PBXSourcesBuildPhase section */

/* Begin PBXTargetDependency section */
		B25570771F39A44000C35A34 /* PBXTargetDependency */ = {
			isa = PBXTargetDependency;
			name = QSNetwork;
			targetProxy = B25570761F39A44000C35A34 /* PBXContainerItemProxy */;
		};
		B28822E71E110B0500144E44 /* PBXTargetDependency */ = {
			isa = PBXTargetDependency;
			target = B28822D01E110B0500144E44 /* iOS Example */;
			targetProxy = B28822E61E110B0500144E44 /* PBXContainerItemProxy */;
		};
		B28822F21E110B0500144E44 /* PBXTargetDependency */ = {
			isa = PBXTargetDependency;
			target = B28822D01E110B0500144E44 /* iOS Example */;
			targetProxy = B28822F11E110B0500144E44 /* PBXContainerItemProxy */;
		};
/* End PBXTargetDependency section */

/* Begin PBXVariantGroup section */
		B28822D81E110B0500144E44 /* Main.storyboard */ = {
			isa = PBXVariantGroup;
			children = (
				B28822D91E110B0500144E44 /* Base */,
			);
			name = Main.storyboard;
			sourceTree = "<group>";
		};
		B28822DD1E110B0500144E44 /* LaunchScreen.storyboard */ = {
			isa = PBXVariantGroup;
			children = (
				B28822DE1E110B0500144E44 /* Base */,
			);
			name = LaunchScreen.storyboard;
			sourceTree = "<group>";
		};
/* End PBXVariantGroup section */

/* Begin XCBuildConfiguration section */
		B28822F71E110B0500144E44 /* Debug */ = {
			isa = XCBuildConfiguration;
			buildSettings = {
				ALWAYS_SEARCH_USER_PATHS = NO;
				CLANG_ANALYZER_NONNULL = YES;
				CLANG_CXX_LANGUAGE_STANDARD = "gnu++0x";
				CLANG_CXX_LIBRARY = "libc++";
				CLANG_ENABLE_MODULES = YES;
				CLANG_ENABLE_OBJC_ARC = YES;
				CLANG_WARN_BOOL_CONVERSION = YES;
				CLANG_WARN_CONSTANT_CONVERSION = YES;
				CLANG_WARN_DIRECT_OBJC_ISA_USAGE = YES_ERROR;
				CLANG_WARN_DOCUMENTATION_COMMENTS = YES;
				CLANG_WARN_EMPTY_BODY = YES;
				CLANG_WARN_ENUM_CONVERSION = YES;
				CLANG_WARN_INFINITE_RECURSION = YES;
				CLANG_WARN_INT_CONVERSION = YES;
				CLANG_WARN_OBJC_ROOT_CLASS = YES_ERROR;
				CLANG_WARN_SUSPICIOUS_MOVES = YES;
				CLANG_WARN_UNREACHABLE_CODE = YES;
				CLANG_WARN__DUPLICATE_METHOD_MATCH = YES;
				"CODE_SIGN_IDENTITY[sdk=iphoneos*]" = "iPhone Developer";
				COPY_PHASE_STRIP = NO;
				DEBUG_INFORMATION_FORMAT = dwarf;
				ENABLE_STRICT_OBJC_MSGSEND = YES;
				ENABLE_TESTABILITY = YES;
				GCC_C_LANGUAGE_STANDARD = gnu99;
				GCC_DYNAMIC_NO_PIC = NO;
				GCC_NO_COMMON_BLOCKS = YES;
				GCC_OPTIMIZATION_LEVEL = 0;
				GCC_PREPROCESSOR_DEFINITIONS = (
					"DEBUG=1",
					"$(inherited)",
				);
				GCC_WARN_64_TO_32_BIT_CONVERSION = YES;
				GCC_WARN_ABOUT_RETURN_TYPE = YES_ERROR;
				GCC_WARN_UNDECLARED_SELECTOR = YES;
				GCC_WARN_UNINITIALIZED_AUTOS = YES_AGGRESSIVE;
				GCC_WARN_UNUSED_FUNCTION = YES;
				GCC_WARN_UNUSED_VARIABLE = YES;
				IPHONEOS_DEPLOYMENT_TARGET = 10.1;
				MTL_ENABLE_DEBUG_INFO = YES;
				ONLY_ACTIVE_ARCH = YES;
				SDKROOT = iphoneos;
				SWIFT_ACTIVE_COMPILATION_CONDITIONS = DEBUG;
				SWIFT_OPTIMIZATION_LEVEL = "-Onone";
				TARGETED_DEVICE_FAMILY = "1,2";
			};
			name = Debug;
		};
		B28822F81E110B0500144E44 /* Release */ = {
			isa = XCBuildConfiguration;
			buildSettings = {
				ALWAYS_SEARCH_USER_PATHS = NO;
				CLANG_ANALYZER_NONNULL = YES;
				CLANG_CXX_LANGUAGE_STANDARD = "gnu++0x";
				CLANG_CXX_LIBRARY = "libc++";
				CLANG_ENABLE_MODULES = YES;
				CLANG_ENABLE_OBJC_ARC = YES;
				CLANG_WARN_BOOL_CONVERSION = YES;
				CLANG_WARN_CONSTANT_CONVERSION = YES;
				CLANG_WARN_DIRECT_OBJC_ISA_USAGE = YES_ERROR;
				CLANG_WARN_DOCUMENTATION_COMMENTS = YES;
				CLANG_WARN_EMPTY_BODY = YES;
				CLANG_WARN_ENUM_CONVERSION = YES;
				CLANG_WARN_INFINITE_RECURSION = YES;
				CLANG_WARN_INT_CONVERSION = YES;
				CLANG_WARN_OBJC_ROOT_CLASS = YES_ERROR;
				CLANG_WARN_SUSPICIOUS_MOVES = YES;
				CLANG_WARN_UNREACHABLE_CODE = YES;
				CLANG_WARN__DUPLICATE_METHOD_MATCH = YES;
				"CODE_SIGN_IDENTITY[sdk=iphoneos*]" = "iPhone Developer";
				COPY_PHASE_STRIP = NO;
				DEBUG_INFORMATION_FORMAT = "dwarf-with-dsym";
				ENABLE_NS_ASSERTIONS = NO;
				ENABLE_STRICT_OBJC_MSGSEND = YES;
				GCC_C_LANGUAGE_STANDARD = gnu99;
				GCC_NO_COMMON_BLOCKS = YES;
				GCC_WARN_64_TO_32_BIT_CONVERSION = YES;
				GCC_WARN_ABOUT_RETURN_TYPE = YES_ERROR;
				GCC_WARN_UNDECLARED_SELECTOR = YES;
				GCC_WARN_UNINITIALIZED_AUTOS = YES_AGGRESSIVE;
				GCC_WARN_UNUSED_FUNCTION = YES;
				GCC_WARN_UNUSED_VARIABLE = YES;
				IPHONEOS_DEPLOYMENT_TARGET = 10.1;
				MTL_ENABLE_DEBUG_INFO = NO;
				SDKROOT = iphoneos;
				SWIFT_OPTIMIZATION_LEVEL = "-Owholemodule";
				TARGETED_DEVICE_FAMILY = "1,2";
				VALIDATE_PRODUCT = YES;
			};
			name = Release;
		};
		B28822FA1E110B0500144E44 /* Debug */ = {
			isa = XCBuildConfiguration;
			buildSettings = {
				ALWAYS_EMBED_SWIFT_STANDARD_LIBRARIES = YES;
				ASSETCATALOG_COMPILER_APPICON_NAME = AppIcon;
				CLANG_ENABLE_MODULES = YES;
				INFOPLIST_FILE = "iOS Example/Info.plist";
				LD_RUNPATH_SEARCH_PATHS = "$(inherited) @executable_path/Frameworks";
				PRODUCT_BUNDLE_IDENTIFIER = "XYC.iOS-Example";
				PRODUCT_NAME = "$(TARGET_NAME)";
				SWIFT_OBJC_BRIDGING_HEADER = "iOS Example/iOS Example-Bridging-Header.h";
				SWIFT_OPTIMIZATION_LEVEL = "-Onone";
				SWIFT_VERSION = 5.0;
			};
			name = Debug;
		};
		B28822FB1E110B0500144E44 /* Release */ = {
			isa = XCBuildConfiguration;
			buildSettings = {
				ALWAYS_EMBED_SWIFT_STANDARD_LIBRARIES = YES;
				ASSETCATALOG_COMPILER_APPICON_NAME = AppIcon;
				CLANG_ENABLE_MODULES = YES;
				INFOPLIST_FILE = "iOS Example/Info.plist";
				LD_RUNPATH_SEARCH_PATHS = "$(inherited) @executable_path/Frameworks";
				PRODUCT_BUNDLE_IDENTIFIER = "XYC.iOS-Example";
				PRODUCT_NAME = "$(TARGET_NAME)";
				SWIFT_OBJC_BRIDGING_HEADER = "iOS Example/iOS Example-Bridging-Header.h";
				SWIFT_VERSION = 5.0;
			};
			name = Release;
		};
		B28822FD1E110B0500144E44 /* Debug */ = {
			isa = XCBuildConfiguration;
			buildSettings = {
				ALWAYS_EMBED_SWIFT_STANDARD_LIBRARIES = YES;
				BUNDLE_LOADER = "$(TEST_HOST)";
				INFOPLIST_FILE = "iOS ExampleTests/Info.plist";
				LD_RUNPATH_SEARCH_PATHS = "$(inherited) @executable_path/Frameworks @loader_path/Frameworks";
				PRODUCT_BUNDLE_IDENTIFIER = "XYC.iOS-ExampleTests";
				PRODUCT_NAME = "$(TARGET_NAME)";
				SWIFT_VERSION = 3.0;
				TEST_HOST = "$(BUILT_PRODUCTS_DIR)/iOS Example.app/iOS Example";
			};
			name = Debug;
		};
		B28822FE1E110B0500144E44 /* Release */ = {
			isa = XCBuildConfiguration;
			buildSettings = {
				ALWAYS_EMBED_SWIFT_STANDARD_LIBRARIES = YES;
				BUNDLE_LOADER = "$(TEST_HOST)";
				INFOPLIST_FILE = "iOS ExampleTests/Info.plist";
				LD_RUNPATH_SEARCH_PATHS = "$(inherited) @executable_path/Frameworks @loader_path/Frameworks";
				PRODUCT_BUNDLE_IDENTIFIER = "XYC.iOS-ExampleTests";
				PRODUCT_NAME = "$(TARGET_NAME)";
				SWIFT_VERSION = 3.0;
				TEST_HOST = "$(BUILT_PRODUCTS_DIR)/iOS Example.app/iOS Example";
			};
			name = Release;
		};
		B28823001E110B0500144E44 /* Debug */ = {
			isa = XCBuildConfiguration;
			buildSettings = {
				ALWAYS_EMBED_SWIFT_STANDARD_LIBRARIES = YES;
				INFOPLIST_FILE = "iOS ExampleUITests/Info.plist";
				LD_RUNPATH_SEARCH_PATHS = "$(inherited) @executable_path/Frameworks @loader_path/Frameworks";
				PRODUCT_BUNDLE_IDENTIFIER = "XYC.iOS-ExampleUITests";
				PRODUCT_NAME = "$(TARGET_NAME)";
				SWIFT_VERSION = 3.0;
				TEST_TARGET_NAME = "iOS Example";
			};
			name = Debug;
		};
		B28823011E110B0500144E44 /* Release */ = {
			isa = XCBuildConfiguration;
			buildSettings = {
				ALWAYS_EMBED_SWIFT_STANDARD_LIBRARIES = YES;
				INFOPLIST_FILE = "iOS ExampleUITests/Info.plist";
				LD_RUNPATH_SEARCH_PATHS = "$(inherited) @executable_path/Frameworks @loader_path/Frameworks";
				PRODUCT_BUNDLE_IDENTIFIER = "XYC.iOS-ExampleUITests";
				PRODUCT_NAME = "$(TARGET_NAME)";
				SWIFT_VERSION = 3.0;
				TEST_TARGET_NAME = "iOS Example";
			};
			name = Release;
		};
/* End XCBuildConfiguration section */

/* Begin XCConfigurationList section */
		B28822CC1E110B0500144E44 /* Build configuration list for PBXProject "iOS Example" */ = {
			isa = XCConfigurationList;
			buildConfigurations = (
				B28822F71E110B0500144E44 /* Debug */,
				B28822F81E110B0500144E44 /* Release */,
			);
			defaultConfigurationIsVisible = 0;
			defaultConfigurationName = Release;
		};
		B28822F91E110B0500144E44 /* Build configuration list for PBXNativeTarget "iOS Example" */ = {
			isa = XCConfigurationList;
			buildConfigurations = (
				B28822FA1E110B0500144E44 /* Debug */,
				B28822FB1E110B0500144E44 /* Release */,
			);
			defaultConfigurationIsVisible = 0;
			defaultConfigurationName = Release;
		};
		B28822FC1E110B0500144E44 /* Build configuration list for PBXNativeTarget "iOS ExampleTests" */ = {
			isa = XCConfigurationList;
			buildConfigurations = (
				B28822FD1E110B0500144E44 /* Debug */,
				B28822FE1E110B0500144E44 /* Release */,
			);
			defaultConfigurationIsVisible = 0;
			defaultConfigurationName = Release;
		};
		B28822FF1E110B0500144E44 /* Build configuration list for PBXNativeTarget "iOS ExampleUITests" */ = {
			isa = XCConfigurationList;
			buildConfigurations = (
				B28823001E110B0500144E44 /* Debug */,
				B28823011E110B0500144E44 /* Release */,
			);
			defaultConfigurationIsVisible = 0;
			defaultConfigurationName = Release;
		};
/* End XCConfigurationList section */
	};
	rootObject = B28822C91E110B0500144E44 /* Project object */;
}
