// !$*UTF8*$!
{
	archiveVersion = 1;
	classes = {
	};
	objectVersion = 46;
	objects = {

/* Begin PBXBuildFile section */
		B2BC7E031E1CD68A00C15BEC /* main.m in Sources */ = {isa = PBXBuildFile; fileRef = B2BC7E021E1CD68A00C15BEC /* main.m */; };
		B2BC7E061E1CD68A00C15BEC /* AppDelegate.m in Sources */ = {isa = PBXBuildFile; fileRef = B2BC7E051E1CD68A00C15BEC /* AppDelegate.m */; };
		B2BC7E091E1CD68A00C15BEC /* ViewController.m in Sources */ = {isa = PBXBuildFile; fileRef = B2BC7E081E1CD68A00C15BEC /* ViewController.m */; };
		B2BC7E0C1E1CD68A00C15BEC /* Main.storyboard in Resources */ = {isa = PBXBuildFile; fileRef = B2BC7E0A1E1CD68A00C15BEC /* Main.storyboard */; };
		B2BC7E0E1E1CD68A00C15BEC /* Assets.xcassets in Resources */ = {isa = PBXBuildFile; fileRef = B2BC7E0D1E1CD68A00C15BEC /* Assets.xcassets */; };
		B2BC7E111E1CD68A00C15BEC /* LaunchScreen.storyboard in Resources */ = {isa = PBXBuildFile; fileRef = B2BC7E0F1E1CD68A00C15BEC /* LaunchScreen.storyboard */; };
		B2BC7E1C1E1CD68A00C15BEC /* OCExampleTests.m in Sources */ = {isa = PBXBuildFile; fileRef = B2BC7E1B1E1CD68A00C15BEC /* OCExampleTests.m */; };
		B2BC7E271E1CD68A00C15BEC /* OCExampleUITests.m in Sources */ = {isa = PBXBuildFile; fileRef = B2BC7E261E1CD68A00C15BEC /* OCExampleUITests.m */; };
		B2BC7E3D1E1CD6A400C15BEC /* QSNetwork.framework in Frameworks */ = {isa = PBXBuildFile; fileRef = B2BC7E3A1E1CD69C00C15BEC /* QSNetwork.framework */; };
/* End PBXBuildFile section */

/* Begin PBXContainerItemProxy section */
		B2BC7E181E1CD68A00C15BEC /* PBXContainerItemProxy */ = {
			isa = PBXContainerItemProxy;
			containerPortal = B2BC7DF61E1CD68A00C15BEC /* Project object */;
			proxyType = 1;
			remoteGlobalIDString = B2BC7DFD1E1CD68A00C15BEC;
			remoteInfo = OCExample;
		};
		B2BC7E231E1CD68A00C15BEC /* PBXContainerItemProxy */ = {
			isa = PBXContainerItemProxy;
			containerPortal = B2BC7DF61E1CD68A00C15BEC /* Project object */;
			proxyType = 1;
			remoteGlobalIDString = B2BC7DFD1E1CD68A00C15BEC;
			remoteInfo = OCExample;
		};
		B2BC7E391E1CD69C00C15BEC /* PBXContainerItemProxy */ = {
			isa = PBXContainerItemProxy;
			containerPortal = B2BC7E341E1CD69B00C15BEC /* QSNetwork.xcodeproj */;
			proxyType = 2;
			remoteGlobalIDString = B28822A41E11092400144E44;
			remoteInfo = QSNetwork;
		};
		B2BC7E3B1E1CD69C00C15BEC /* PBXContainerItemProxy */ = {
			isa = PBXContainerItemProxy;
			containerPortal = B2BC7E341E1CD69B00C15BEC /* QSNetwork.xcodeproj */;
			proxyType = 2;
			remoteGlobalIDString = B2A074F61E12148300183B1A;
			remoteInfo = Tests;
		};
/* End PBXContainerItemProxy section */

/* Begin PBXFileReference section */
		B2BC7DFE1E1CD68A00C15BEC /* OCExample.app */ = {isa = PBXFileReference; explicitFileType = wrapper.application; includeInIndex = 0; path = OCExample.app; sourceTree = BUILT_PRODUCTS_DIR; };
		B2BC7E021E1CD68A00C15BEC /* main.m */ = {isa = PBXFileReference; lastKnownFileType = sourcecode.c.objc; path = main.m; sourceTree = "<group>"; };
		B2BC7E041E1CD68A00C15BEC /* AppDelegate.h */ = {isa = PBXFileReference; lastKnownFileType = sourcecode.c.h; path = AppDelegate.h; sourceTree = "<group>"; };
		B2BC7E051E1CD68A00C15BEC /* AppDelegate.m */ = {isa = PBXFileReference; lastKnownFileType = sourcecode.c.objc; path = AppDelegate.m; sourceTree = "<group>"; };
		B2BC7E071E1CD68A00C15BEC /* ViewController.h */ = {isa = PBXFileReference; lastKnownFileType = sourcecode.c.h; path = ViewController.h; sourceTree = "<group>"; };
		B2BC7E081E1CD68A00C15BEC /* ViewController.m */ = {isa = PBXFileReference; lastKnownFileType = sourcecode.c.objc; path = ViewController.m; sourceTree = "<group>"; };
		B2BC7E0B1E1CD68A00C15BEC /* Base */ = {isa = PBXFileReference; lastKnownFileType = file.storyboard; name = Base; path = Base.lproj/Main.storyboard; sourceTree = "<group>"; };
		B2BC7E0D1E1CD68A00C15BEC /* Assets.xcassets */ = {isa = PBXFileReference; lastKnownFileType = folder.assetcatalog; path = Assets.xcassets; sourceTree = "<group>"; };
		B2BC7E101E1CD68A00C15BEC /* Base */ = {isa = PBXFileReference; lastKnownFileType = file.storyboard; name = Base; path = Base.lproj/LaunchScreen.storyboard; sourceTree = "<group>"; };
		B2BC7E121E1CD68A00C15BEC /* Info.plist */ = {isa = PBXFileReference; lastKnownFileType = text.plist.xml; path = Info.plist; sourceTree = "<group>"; };
		B2BC7E171E1CD68A00C15BEC /* OCExampleTests.xctest */ = {isa = PBXFileReference; explicitFileType = wrapper.cfbundle; includeInIndex = 0; path = OCExampleTests.xctest; sourceTree = BUILT_PRODUCTS_DIR; };
		B2BC7E1B1E1CD68A00C15BEC /* OCExampleTests.m */ = {isa = PBXFileReference; lastKnownFileType = sourcecode.c.objc; path = OCExampleTests.m; sourceTree = "<group>"; };
		B2BC7E1D1E1CD68A00C15BEC /* Info.plist */ = {isa = PBXFileReference; lastKnownFileType = text.plist.xml; path = Info.plist; sourceTree = "<group>"; };
		B2BC7E221E1CD68A00C15BEC /* OCExampleUITests.xctest */ = {isa = PBXFileReference; explicitFileType = wrapper.cfbundle; includeInIndex = 0; path = OCExampleUITests.xctest; sourceTree = BUILT_PRODUCTS_DIR; };
		B2BC7E261E1CD68A00C15BEC /* OCExampleUITests.m */ = {isa = PBXFileReference; lastKnownFileType = sourcecode.c.objc; path = OCExampleUITests.m; sourceTree = "<group>"; };
		B2BC7E281E1CD68A00C15BEC /* Info.plist */ = {isa = PBXFileReference; lastKnownFileType = text.plist.xml; path = Info.plist; sourceTree = "<group>"; };
		B2BC7E341E1CD69B00C15BEC /* QSNetwork.xcodeproj */ = {isa = PBXFileReference; lastKnownFileType = "wrapper.pb-project"; name = QSNetwork.xcodeproj; path = ../../../QSNetwork.xcodeproj; sourceTree = "<group>"; };
/* End PBXFileReference section */

/* Begin PBXFrameworksBuildPhase section */
		B2BC7DFB1E1CD68A00C15BEC /* Frameworks */ = {
			isa = PBXFrameworksBuildPhase;
			buildActionMask = 2147483647;
			files = (
				B2BC7E3D1E1CD6A400C15BEC /* QSNetwork.framework in Frameworks */,
			);
			runOnlyForDeploymentPostprocessing = 0;
		};
		B2BC7E141E1CD68A00C15BEC /* Frameworks */ = {
			isa = PBXFrameworksBuildPhase;
			buildActionMask = 2147483647;
			files = (
			);
			runOnlyForDeploymentPostprocessing = 0;
		};
		B2BC7E1F1E1CD68A00C15BEC /* Frameworks */ = {
			isa = PBXFrameworksBuildPhase;
			buildActionMask = 2147483647;
			files = (
			);
			runOnlyForDeploymentPostprocessing = 0;
		};
/* End PBXFrameworksBuildPhase section */

/* Begin PBXGroup section */
		B2BC7DF51E1CD68A00C15BEC = {
			isa = PBXGroup;
			children = (
				B2BC7E341E1CD69B00C15BEC /* QSNetwork.xcodeproj */,
				B2BC7E001E1CD68A00C15BEC /* OCExample */,
				B2BC7E1A1E1CD68A00C15BEC /* OCExampleTests */,
				B2BC7E251E1CD68A00C15BEC /* OCExampleUITests */,
				B2BC7DFF1E1CD68A00C15BEC /* Products */,
			);
			sourceTree = "<group>";
		};
		B2BC7DFF1E1CD68A00C15BEC /* Products */ = {
			isa = PBXGroup;
			children = (
				B2BC7DFE1E1CD68A00C15BEC /* OCExample.app */,
				B2BC7E171E1CD68A00C15BEC /* OCExampleTests.xctest */,
				B2BC7E221E1CD68A00C15BEC /* OCExampleUITests.xctest */,
			);
			name = Products;
			sourceTree = "<group>";
		};
		B2BC7E001E1CD68A00C15BEC /* OCExample */ = {
			isa = PBXGroup;
			children = (
				B2BC7E041E1CD68A00C15BEC /* AppDelegate.h */,
				B2BC7E051E1CD68A00C15BEC /* AppDelegate.m */,
				B2BC7E071E1CD68A00C15BEC /* ViewController.h */,
				B2BC7E081E1CD68A00C15BEC /* ViewController.m */,
				B2BC7E0A1E1CD68A00C15BEC /* Main.storyboard */,
				B2BC7E0D1E1CD68A00C15BEC /* Assets.xcassets */,
				B2BC7E0F1E1CD68A00C15BEC /* LaunchScreen.storyboard */,
				B2BC7E121E1CD68A00C15BEC /* Info.plist */,
				B2BC7E011E1CD68A00C15BEC /* Supporting Files */,
			);
			path = OCExample;
			sourceTree = "<group>";
		};
		B2BC7E011E1CD68A00C15BEC /* Supporting Files */ = {
			isa = PBXGroup;
			children = (
				B2BC7E021E1CD68A00C15BEC /* main.m */,
			);
			name = "Supporting Files";
			sourceTree = "<group>";
		};
		B2BC7E1A1E1CD68A00C15BEC /* OCExampleTests */ = {
			isa = PBXGroup;
			children = (
				B2BC7E1B1E1CD68A00C15BEC /* OCExampleTests.m */,
				B2BC7E1D1E1CD68A00C15BEC /* Info.plist */,
			);
			path = OCExampleTests;
			sourceTree = "<group>";
		};
		B2BC7E251E1CD68A00C15BEC /* OCExampleUITests */ = {
			isa = PBXGroup;
			children = (
				B2BC7E261E1CD68A00C15BEC /* OCExampleUITests.m */,
				B2BC7E281E1CD68A00C15BEC /* Info.plist */,
			);
			path = OCExampleUITests;
			sourceTree = "<group>";
		};
		B2BC7E351E1CD69B00C15BEC /* Products */ = {
			isa = PBXGroup;
			children = (
				B2BC7E3A1E1CD69C00C15BEC /* QSNetwork.framework */,
				B2BC7E3C1E1CD69C00C15BEC /* Tests.xctest */,
			);
			name = Products;
			sourceTree = "<group>";
		};
/* End PBXGroup section */

/* Begin PBXNativeTarget section */
		B2BC7DFD1E1CD68A00C15BEC /* OCExample */ = {
			isa = PBXNativeTarget;
			buildConfigurationList = B2BC7E2B1E1CD68A00C15BEC /* Build configuration list for PBXNativeTarget "OCExample" */;
			buildPhases = (
				B2BC7DFA1E1CD68A00C15BEC /* Sources */,
				B2BC7DFB1E1CD68A00C15BEC /* Frameworks */,
				B2BC7DFC1E1CD68A00C15BEC /* Resources */,
			);
			buildRules = (
			);
			dependencies = (
			);
			name = OCExample;
			productName = OCExample;
			productReference = B2BC7DFE1E1CD68A00C15BEC /* OCExample.app */;
			productType = "com.apple.product-type.application";
		};
		B2BC7E161E1CD68A00C15BEC /* OCExampleTests */ = {
			isa = PBXNativeTarget;
			buildConfigurationList = B2BC7E2E1E1CD68A00C15BEC /* Build configuration list for PBXNativeTarget "OCExampleTests" */;
			buildPhases = (
				B2BC7E131E1CD68A00C15BEC /* Sources */,
				B2BC7E141E1CD68A00C15BEC /* Frameworks */,
				B2BC7E151E1CD68A00C15BEC /* Resources */,
			);
			buildRules = (
			);
			dependencies = (
				B2BC7E191E1CD68A00C15BEC /* PBXTargetDependency */,
			);
			name = OCExampleTests;
			productName = OCExampleTests;
			productReference = B2BC7E171E1CD68A00C15BEC /* OCExampleTests.xctest */;
			productType = "com.apple.product-type.bundle.unit-test";
		};
		B2BC7E211E1CD68A00C15BEC /* OCExampleUITests */ = {
			isa = PBXNativeTarget;
			buildConfigurationList = B2BC7E311E1CD68A00C15BEC /* Build configuration list for PBXNativeTarget "OCExampleUITests" */;
			buildPhases = (
				B2BC7E1E1E1CD68A00C15BEC /* Sources */,
				B2BC7E1F1E1CD68A00C15BEC /* Frameworks */,
				B2BC7E201E1CD68A00C15BEC /* Resources */,
			);
			buildRules = (
			);
			dependencies = (
				B2BC7E241E1CD68A00C15BEC /* PBXTargetDependency */,
			);
			name = OCExampleUITests;
			productName = OCExampleUITests;
			productReference = B2BC7E221E1CD68A00C15BEC /* OCExampleUITests.xctest */;
			productType = "com.apple.product-type.bundle.ui-testing";
		};
/* End PBXNativeTarget section */

/* Begin PBXProject section */
		B2BC7DF61E1CD68A00C15BEC /* Project object */ = {
			isa = PBXProject;
			attributes = {
				LastUpgradeCheck = 0810;
				ORGANIZATIONNAME = masterY;
				TargetAttributes = {
					B2BC7DFD1E1CD68A00C15BEC = {
						CreatedOnToolsVersion = 8.1;
						ProvisioningStyle = Automatic;
					};
					B2BC7E161E1CD68A00C15BEC = {
						CreatedOnToolsVersion = 8.1;
						ProvisioningStyle = Automatic;
						TestTargetID = B2BC7DFD1E1CD68A00C15BEC;
					};
					B2BC7E211E1CD68A00C15BEC = {
						CreatedOnToolsVersion = 8.1;
						ProvisioningStyle = Automatic;
						TestTargetID = B2BC7DFD1E1CD68A00C15BEC;
					};
				};
			};
			buildConfigurationList = B2BC7DF91E1CD68A00C15BEC /* Build configuration list for PBXProject "OCExample" */;
			compatibilityVersion = "Xcode 3.2";
			developmentRegion = English;
			hasScannedForEncodings = 0;
			knownRegions = (
				en,
				Base,
			);
			mainGroup = B2BC7DF51E1CD68A00C15BEC;
			productRefGroup = B2BC7DFF1E1CD68A00C15BEC /* Products */;
			projectDirPath = "";
			projectReferences = (
				{
					ProductGroup = B2BC7E351E1CD69B00C15BEC /* Products */;
					ProjectRef = B2BC7E341E1CD69B00C15BEC /* QSNetwork.xcodeproj */;
				},
			);
			projectRoot = "";
			targets = (
				B2BC7DFD1E1CD68A00C15BEC /* OCExample */,
				B2BC7E161E1CD68A00C15BEC /* OCExampleTests */,
				B2BC7E211E1CD68A00C15BEC /* OCExampleUITests */,
			);
		};
/* End PBXProject section */

/* Begin PBXReferenceProxy section */
		B2BC7E3A1E1CD69C00C15BEC /* QSNetwork.framework */ = {
			isa = PBXReferenceProxy;
			fileType = wrapper.framework;
			path = QSNetwork.framework;
			remoteRef = B2BC7E391E1CD69C00C15BEC /* PBXContainerItemProxy */;
			sourceTree = BUILT_PRODUCTS_DIR;
		};
		B2BC7E3C1E1CD69C00C15BEC /* Tests.xctest */ = {
			isa = PBXReferenceProxy;
			fileType = wrapper.cfbundle;
			path = Tests.xctest;
			remoteRef = B2BC7E3B1E1CD69C00C15BEC /* PBXContainerItemProxy */;
			sourceTree = BUILT_PRODUCTS_DIR;
		};
/* End PBXReferenceProxy section */

/* Begin PBXResourcesBuildPhase section */
		B2BC7DFC1E1CD68A00C15BEC /* Resources */ = {
			isa = PBXResourcesBuildPhase;
			buildActionMask = 2147483647;
			files = (
				B2BC7E111E1CD68A00C15BEC /* LaunchScreen.storyboard in Resources */,
				B2BC7E0E1E1CD68A00C15BEC /* Assets.xcassets in Resources */,
				B2BC7E0C1E1CD68A00C15BEC /* Main.storyboard in Resources */,
			);
			runOnlyForDeploymentPostprocessing = 0;
		};
		B2BC7E151E1CD68A00C15BEC /* Resources */ = {
			isa = PBXResourcesBuildPhase;
			buildActionMask = 2147483647;
			files = (
			);
			runOnlyForDeploymentPostprocessing = 0;
		};
		B2BC7E201E1CD68A00C15BEC /* Resources */ = {
			isa = PBXResourcesBuildPhase;
			buildActionMask = 2147483647;
			files = (
			);
			runOnlyForDeploymentPostprocessing = 0;
		};
/* End PBXResourcesBuildPhase section */

/* Begin PBXSourcesBuildPhase section */
		B2BC7DFA1E1CD68A00C15BEC /* Sources */ = {
			isa = PBXSourcesBuildPhase;
			buildActionMask = 2147483647;
			files = (
				B2BC7E091E1CD68A00C15BEC /* ViewController.m in Sources */,
				B2BC7E061E1CD68A00C15BEC /* AppDelegate.m in Sources */,
				B2BC7E031E1CD68A00C15BEC /* main.m in Sources */,
			);
			runOnlyForDeploymentPostprocessing = 0;
		};
		B2BC7E131E1CD68A00C15BEC /* Sources */ = {
			isa = PBXSourcesBuildPhase;
			buildActionMask = 2147483647;
			files = (
				B2BC7E1C1E1CD68A00C15BEC /* OCExampleTests.m in Sources */,
			);
			runOnlyForDeploymentPostprocessing = 0;
		};
		B2BC7E1E1E1CD68A00C15BEC /* Sources */ = {
			isa = PBXSourcesBuildPhase;
			buildActionMask = 2147483647;
			files = (
				B2BC7E271E1CD68A00C15BEC /* OCExampleUITests.m in Sources */,
			);
			runOnlyForDeploymentPostprocessing = 0;
		};
/* End PBXSourcesBuildPhase section */

/* Begin PBXTargetDependency section */
		B2BC7E191E1CD68A00C15BEC /* PBXTargetDependency */ = {
			isa = PBXTargetDependency;
			target = B2BC7DFD1E1CD68A00C15BEC /* OCExample */;
			targetProxy = B2BC7E181E1CD68A00C15BEC /* PBXContainerItemProxy */;
		};
		B2BC7E241E1CD68A00C15BEC /* PBXTargetDependency */ = {
			isa = PBXTargetDependency;
			target = B2BC7DFD1E1CD68A00C15BEC /* OCExample */;
			targetProxy = B2BC7E231E1CD68A00C15BEC /* PBXContainerItemProxy */;
		};
/* End PBXTargetDependency section */

/* Begin PBXVariantGroup section */
		B2BC7E0A1E1CD68A00C15BEC /* Main.storyboard */ = {
			isa = PBXVariantGroup;
			children = (
				B2BC7E0B1E1CD68A00C15BEC /* Base */,
			);
			name = Main.storyboard;
			sourceTree = "<group>";
		};
		B2BC7E0F1E1CD68A00C15BEC /* LaunchScreen.storyboard */ = {
			isa = PBXVariantGroup;
			children = (
				B2BC7E101E1CD68A00C15BEC /* Base */,
			);
			name = LaunchScreen.storyboard;
			sourceTree = "<group>";
		};
/* End PBXVariantGroup section */

/* Begin XCBuildConfiguration section */
		B2BC7E291E1CD68A00C15BEC /* Debug */ = {
			isa = XCBuildConfiguration;
			buildSettings = {
				ALWAYS_SEARCH_USER_PATHS = NO;
				CLANG_ANALYZER_NONNULL = YES;
				CLANG_CXX_LANGUAGE_STANDARD = "gnu++0x";
				CLANG_CXX_LIBRARY = "libc++";
				CLANG_ENABLE_MODULES = YES;
				CLANG_ENABLE_OBJC_ARC = YES;
				CLANG_WARN_BOOL_CONVERSION = YES;
				CLANG_WARN_CONSTANT_CONVERSION = YES;
				CLANG_WARN_DIRECT_OBJC_ISA_USAGE = YES_ERROR;
				CLANG_WARN_DOCUMENTATION_COMMENTS = YES;
				CLANG_WARN_EMPTY_BODY = YES;
				CLANG_WARN_ENUM_CONVERSION = YES;
				CLANG_WARN_INFINITE_RECURSION = YES;
				CLANG_WARN_INT_CONVERSION = YES;
				CLANG_WARN_OBJC_ROOT_CLASS = YES_ERROR;
				CLANG_WARN_SUSPICIOUS_MOVES = YES;
				CLANG_WARN_UNREACHABLE_CODE = YES;
				CLANG_WARN__DUPLICATE_METHOD_MATCH = YES;
				"CODE_SIGN_IDENTITY[sdk=iphoneos*]" = "iPhone Developer";
				COPY_PHASE_STRIP = NO;
				DEBUG_INFORMATION_FORMAT = dwarf;
				ENABLE_STRICT_OBJC_MSGSEND = YES;
				ENABLE_TESTABILITY = YES;
				GCC_C_LANGUAGE_STANDARD = gnu99;
				GCC_DYNAMIC_NO_PIC = NO;
				GCC_NO_COMMON_BLOCKS = YES;
				GCC_OPTIMIZATION_LEVEL = 0;
				GCC_PREPROCESSOR_DEFINITIONS = (
					"DEBUG=1",
					"$(inherited)",
				);
				GCC_WARN_64_TO_32_BIT_CONVERSION = YES;
				GCC_WARN_ABOUT_RETURN_TYPE = YES_ERROR;
				GCC_WARN_UNDECLARED_SELECTOR = YES;
				GCC_WARN_UNINITIALIZED_AUTOS = YES_AGGRESSIVE;
				GCC_WARN_UNUSED_FUNCTION = YES;
				GCC_WARN_UNUSED_VARIABLE = YES;
				IPHONEOS_DEPLOYMENT_TARGET = 10.1;
				MTL_ENABLE_DEBUG_INFO = YES;
				ONLY_ACTIVE_ARCH = YES;
				SDKROOT = iphoneos;
				TARGETED_DEVICE_FAMILY = "1,2";
			};
			name = Debug;
		};
		B2BC7E2A1E1CD68A00C15BEC /* Release */ = {
			isa = XCBuildConfiguration;
			buildSettings = {
				ALWAYS_SEARCH_USER_PATHS = NO;
				CLANG_ANALYZER_NONNULL = YES;
				CLANG_CXX_LANGUAGE_STANDARD = "gnu++0x";
				CLANG_CXX_LIBRARY = "libc++";
				CLANG_ENABLE_MODULES = YES;
				CLANG_ENABLE_OBJC_ARC = YES;
				CLANG_WARN_BOOL_CONVERSION = YES;
				CLANG_WARN_CONSTANT_CONVERSION = YES;
				CLANG_WARN_DIRECT_OBJC_ISA_USAGE = YES_ERROR;
				CLANG_WARN_DOCUMENTATION_COMMENTS = YES;
				CLANG_WARN_EMPTY_BODY = YES;
				CLANG_WARN_ENUM_CONVERSION = YES;
				CLANG_WARN_INFINITE_RECURSION = YES;
				CLANG_WARN_INT_CONVERSION = YES;
				CLANG_WARN_OBJC_ROOT_CLASS = YES_ERROR;
				CLANG_WARN_SUSPICIOUS_MOVES = YES;
				CLANG_WARN_UNREACHABLE_CODE = YES;
				CLANG_WARN__DUPLICATE_METHOD_MATCH = YES;
				"CODE_SIGN_IDENTITY[sdk=iphoneos*]" = "iPhone Developer";
				COPY_PHASE_STRIP = NO;
				DEBUG_INFORMATION_FORMAT = "dwarf-with-dsym";
				ENABLE_NS_ASSERTIONS = NO;
				ENABLE_STRICT_OBJC_MSGSEND = YES;
				GCC_C_LANGUAGE_STANDARD = gnu99;
				GCC_NO_COMMON_BLOCKS = YES;
				GCC_WARN_64_TO_32_BIT_CONVERSION = YES;
				GCC_WARN_ABOUT_RETURN_TYPE = YES_ERROR;
				GCC_WARN_UNDECLARED_SELECTOR = YES;
				GCC_WARN_UNINITIALIZED_AUTOS = YES_AGGRESSIVE;
				GCC_WARN_UNUSED_FUNCTION = YES;
				GCC_WARN_UNUSED_VARIABLE = YES;
				IPHONEOS_DEPLOYMENT_TARGET = 10.1;
				MTL_ENABLE_DEBUG_INFO = NO;
				SDKROOT = iphoneos;
				TARGETED_DEVICE_FAMILY = "1,2";
				VALIDATE_PRODUCT = YES;
			};
			name = Release;
		};
		B2BC7E2C1E1CD68A00C15BEC /* Debug */ = {
			isa = XCBuildConfiguration;
			buildSettings = {
				ASSETCATALOG_COMPILER_APPICON_NAME = AppIcon;
				INFOPLIST_FILE = OCExample/Info.plist;
				LD_RUNPATH_SEARCH_PATHS = "$(inherited) @executable_path/Frameworks";
				PRODUCT_BUNDLE_IDENTIFIER = XYC.OCExample;
				PRODUCT_NAME = "$(TARGET_NAME)";
			};
			name = Debug;
		};
		B2BC7E2D1E1CD68A00C15BEC /* Release */ = {
			isa = XCBuildConfiguration;
			buildSettings = {
				ASSETCATALOG_COMPILER_APPICON_NAME = AppIcon;
				INFOPLIST_FILE = OCExample/Info.plist;
				LD_RUNPATH_SEARCH_PATHS = "$(inherited) @executable_path/Frameworks";
				PRODUCT_BUNDLE_IDENTIFIER = XYC.OCExample;
				PRODUCT_NAME = "$(TARGET_NAME)";
			};
			name = Release;
		};
		B2BC7E2F1E1CD68A00C15BEC /* Debug */ = {
			isa = XCBuildConfiguration;
			buildSettings = {
				BUNDLE_LOADER = "$(TEST_HOST)";
				INFOPLIST_FILE = OCExampleTests/Info.plist;
				LD_RUNPATH_SEARCH_PATHS = "$(inherited) @executable_path/Frameworks @loader_path/Frameworks";
				PRODUCT_BUNDLE_IDENTIFIER = XYC.OCExampleTests;
				PRODUCT_NAME = "$(TARGET_NAME)";
				TEST_HOST = "$(BUILT_PRODUCTS_DIR)/OCExample.app/OCExample";
			};
			name = Debug;
		};
		B2BC7E301E1CD68A00C15BEC /* Release */ = {
			isa = XCBuildConfiguration;
			buildSettings = {
				BUNDLE_LOADER = "$(TEST_HOST)";
				INFOPLIST_FILE = OCExampleTests/Info.plist;
				LD_RUNPATH_SEARCH_PATHS = "$(inherited) @executable_path/Frameworks @loader_path/Frameworks";
				PRODUCT_BUNDLE_IDENTIFIER = XYC.OCExampleTests;
				PRODUCT_NAME = "$(TARGET_NAME)";
				TEST_HOST = "$(BUILT_PRODUCTS_DIR)/OCExample.app/OCExample";
			};
			name = Release;
		};
		B2BC7E321E1CD68A00C15BEC /* Debug */ = {
			isa = XCBuildConfiguration;
			buildSettings = {
				INFOPLIST_FILE = OCExampleUITests/Info.plist;
				LD_RUNPATH_SEARCH_PATHS = "$(inherited) @executable_path/Frameworks @loader_path/Frameworks";
				PRODUCT_BUNDLE_IDENTIFIER = XYC.OCExampleUITests;
				PRODUCT_NAME = "$(TARGET_NAME)";
				TEST_TARGET_NAME = OCExample;
			};
			name = Debug;
		};
		B2BC7E331E1CD68A00C15BEC /* Release */ = {
			isa = XCBuildConfiguration;
			buildSettings = {
				INFOPLIST_FILE = OCExampleUITests/Info.plist;
				LD_RUNPATH_SEARCH_PATHS = "$(inherited) @executable_path/Frameworks @loader_path/Frameworks";
				PRODUCT_BUNDLE_IDENTIFIER = XYC.OCExampleUITests;
				PRODUCT_NAME = "$(TARGET_NAME)";
				TEST_TARGET_NAME = OCExample;
			};
			name = Release;
		};
/* End XCBuildConfiguration section */

/* Begin XCConfigurationList section */
		B2BC7DF91E1CD68A00C15BEC /* Build configuration list for PBXProject "OCExample" */ = {
			isa = XCConfigurationList;
			buildConfigurations = (
				B2BC7E291E1CD68A00C15BEC /* Debug */,
				B2BC7E2A1E1CD68A00C15BEC /* Release */,
			);
			defaultConfigurationIsVisible = 0;
			defaultConfigurationName = Release;
		};
		B2BC7E2B1E1CD68A00C15BEC /* Build configuration list for PBXNativeTarget "OCExample" */ = {
			isa = XCConfigurationList;
			buildConfigurations = (
				B2BC7E2C1E1CD68A00C15BEC /* Debug */,
				B2BC7E2D1E1CD68A00C15BEC /* Release */,
			);
			defaultConfigurationIsVisible = 0;
			defaultConfigurationName = Release;
		};
		B2BC7E2E1E1CD68A00C15BEC /* Build configuration list for PBXNativeTarget "OCExampleTests" */ = {
			isa = XCConfigurationList;
			buildConfigurations = (
				B2BC7E2F1E1CD68A00C15BEC /* Debug */,
				B2BC7E301E1CD68A00C15BEC /* Release */,
			);
			defaultConfigurationIsVisible = 0;
			defaultConfigurationName = Release;
		};
		B2BC7E311E1CD68A00C15BEC /* Build configuration list for PBXNativeTarget "OCExampleUITests" */ = {
			isa = XCConfigurationList;
			buildConfigurations = (
				B2BC7E321E1CD68A00C15BEC /* Debug */,
				B2BC7E331E1CD68A00C15BEC /* Release */,
			);
			defaultConfigurationIsVisible = 0;
			defaultConfigurationName = Release;
		};
/* End XCConfigurationList section */
	};
	rootObject = B2BC7DF61E1CD68A00C15BEC /* Project object */;
}
